
Microsoft Visual Studio Solution File, Format Version 12.00
# Visual Studio Version 17
VisualStudioVersion = 17.9.34728.123
MinimumVisualStudioVersion = 10.0.40219.1
Project("{888888A0-9F3D-457C-B088-3A5042F75D52}") = "Receipt App CRUD", "Receipt App CRUD\Receipt App CRUD.pyproj", "{198BA570-0FD2-4149-9AAA-31FA649876E4}"
EndProject
Global
	GlobalSection(SolutionConfigurationPlatforms) = preSolution
		Debug|Any CPU = Debug|Any CPU
		Release|Any CPU = Release|Any CPU
	EndGlobalSection
	GlobalSection(ProjectConfigurationPlatforms) = postSolution
		{198BA570-0FD2-4149-9AAA-31FA649876E4}.Debug|Any CPU.ActiveCfg = Debug|Any CPU
		{198BA570-0FD2-4149-9AAA-31FA649876E4}.Release|Any CPU.ActiveCfg = Release|Any CPU
	EndGlobalSection
	GlobalSection(SolutionProperties) = preSolution
		HideSolutionNode = FALSE
	EndGlobalSection
	GlobalSection(ExtensibilityGlobals) = postSolution
		SolutionGuid = {2B0DF93D-73AB-4322-B077-9C1E0DB1BE81}
	EndGlobalSection
EndGlobal
